
Microsoft Visual Studio Solution File, Format Version 12.00
# Visual Studio 15
VisualStudioVersion = 15.0.28307.1267
MinimumVisualStudioVersion = 10.0.40219.1
Project("{8BC9CEB8-8B4A-11D0-8D11-00A0C91BC942}") = "DirectX11Program", "DirectX11Program\DirectX11Program.vcxproj", "{07E474B5-7484-44F8-9CD0-8EEEA12BD7D0}"
EndProject
Global
	GlobalSection(SolutionConfigurationPlatforms) = preSolution
		Debug|x64 = Debug|x64
		Debug|x86 = Debug|x86
		Release|x64 = Release|x64
		Release|x86 = Release|x86
	EndGlobalSection
	GlobalSection(ProjectConfigurationPlatforms) = postSolution
		{07E474B5-7484-44F8-9CD0-8EEEA12BD7D0}.Debug|x64.ActiveCfg = Debug|x64
		{07E474B5-7484-44F8-9CD0-8EEEA12BD7D0}.Debug|x64.Build.0 = Debug|x64
		{07E474B5-7484-44F8-9CD0-8EEEA12BD7D0}.Debug|x86.ActiveCfg = Debug|Win32
		{07E474B5-7484-44F8-9CD0-8EEEA12BD7D0}.Debug|x86.Build.0 = Debug|Win32
		{07E474B5-7484-44F8-9CD0-8EEEA12BD7D0}.Release|x64.ActiveCfg = Release|x64
		{07E474B5-7484-44F8-9CD0-8EEEA12BD7D0}.Release|x64.Build.0 = Release|x64
		{07E474B5-7484-44F8-9CD0-8EEEA12BD7D0}.Release|x86.ActiveCfg = Release|Win32
		{07E474B5-7484-44F8-9CD0-8EEEA12BD7D0}.Release|x86.Build.0 = Release|Win32
	EndGlobalSection
	GlobalSection(SolutionProperties) = preSolution
		HideSolutionNode = FALSE
	EndGlobalSection
	GlobalSection(ExtensibilityGlobals) = postSolution
		SolutionGuid = {81935862-8249-4EDD-8876-D4C28F2EB4D0}
	EndGlobalSection
EndGlobal
